
Microsoft Visual Studio Solution File, Format Version 12.00
# Visual Studio Version 17
VisualStudioVersion = 17.8.34316.72
MinimumVisualStudioVersion = 10.0.40219.1
Project("{9A19103F-16F7-4668-BE54-9A1E7A4F7556}") = "CronScheduler.Core", "CronScheduler.Core\CronScheduler.Core.csproj", "{5D96C728-0406-4931-91E2-3434AC55B6DC}"
EndProject
Global
	GlobalSection(SolutionConfigurationPlatforms) = preSolution
		Debug|Any CPU = Debug|Any CPU
		Release|Any CPU = Release|Any CPU
	EndGlobalSection
	GlobalSection(ProjectConfigurationPlatforms) = postSolution
		{5D96C728-0406-4931-91E2-3434AC55B6DC}.Debug|Any CPU.ActiveCfg = Debug|Any CPU
		{5D96C728-0406-4931-91E2-3434AC55B6DC}.Debug|Any CPU.Build.0 = Debug|Any CPU
		{5D96C728-0406-4931-91E2-3434AC55B6DC}.Release|Any CPU.ActiveCfg = Release|Any CPU
		{5D96C728-0406-4931-91E2-3434AC55B6DC}.Release|Any CPU.Build.0 = Release|Any CPU
	EndGlobalSection
	GlobalSection(SolutionProperties) = preSolution
		HideSolutionNode = FALSE
	EndGlobalSection
	GlobalSection(ExtensibilityGlobals) = postSolution
		SolutionGuid = {88F14FB7-0456-4903-94DC-EAC1F804B1C8}
	EndGlobalSection
EndGlobal
